
Microsoft Visual Studio Solution File, Format Version 12.00
# Visual Studio Version 17
VisualStudioVersion = 17.7.34024.191
MinimumVisualStudioVersion = 10.0.40219.1
Project("{FAE04EC0-301F-11D3-BF4B-00C04F79EFBC}") = "LabbAnalyz", "LabbAnalyz\LabbAnalyz.csproj", "{1E4A0E52-340B-4344-9B31-CCFCBA40FF27}"
EndProject
Global
	GlobalSection(SolutionConfigurationPlatforms) = preSolution
		Debug|Any CPU = Debug|Any CPU
		Release|Any CPU = Release|Any CPU
	EndGlobalSection
	GlobalSection(ProjectConfigurationPlatforms) = postSolution
		{1E4A0E52-340B-4344-9B31-CCFCBA40FF27}.Debug|Any CPU.ActiveCfg = Debug|Any CPU
		{1E4A0E52-340B-4344-9B31-CCFCBA40FF27}.Debug|Any CPU.Build.0 = Debug|Any CPU
		{1E4A0E52-340B-4344-9B31-CCFCBA40FF27}.Release|Any CPU.ActiveCfg = Release|Any CPU
		{1E4A0E52-340B-4344-9B31-CCFCBA40FF27}.Release|Any CPU.Build.0 = Release|Any CPU
	EndGlobalSection
	GlobalSection(SolutionProperties) = preSolution
		HideSolutionNode = FALSE
	EndGlobalSection
	GlobalSection(ExtensibilityGlobals) = postSolution
		SolutionGuid = {841CFC6A-A282-4632-AF7E-AAA94CD070F1}
	EndGlobalSection
EndGlobal
